
Microsoft Visual Studio Solution File, Format Version 12.00
# Visual Studio Version 17
VisualStudioVersion = 17.0.31903.59
MinimumVisualStudioVersion = 10.0.40219.1
Project("{9A19103F-16F7-4668-BE54-9A1E7A4F7556}") = "Donation.Api", "Donation.Api\Donation.Api.csproj", "{0022E87F-8666-409C-A938-502AD8659DB5}"
EndProject
Project("{9A19103F-16F7-4668-BE54-9A1E7A4F7556}") = "Donation.Application", "Donation.Application\Donation.Application.csproj", "{B301C7E0-7E9E-4511-BBD6-B66C060255FF}"
EndProject
Project("{9A19103F-16F7-4668-BE54-9A1E7A4F7556}") = "Donation.Domain", "Donation.Domain\Donation.Domain.csproj", "{E645ADB6-8008-4D68-AA5D-C0789E6B2284}"
EndProject
Project("{9A19103F-16F7-4668-BE54-9A1E7A4F7556}") = "Donation.Infrastructure", "Donation.Infrastructure\Donation.Infrastructure.csproj", "{8B305FAF-6569-4D75-BE15-59634F73509F}"
EndProject
Project("{9A19103F-16F7-4668-BE54-9A1E7A4F7556}") = "Donation.Contracts", "Donation.Contracts\Donation.Contracts.csproj", "{223E2675-0431-4FB9-8736-A534CCF7DB75}"
EndProject
Project("{9A19103F-16F7-4668-BE54-9A1E7A4F7556}") = "Info", "Info\Info.csproj", "{D3CC09BB-8A97-4469-B8A8-C92483371EF0}"
EndProject

Global
	GlobalSection(SolutionConfigurationPlatforms) = preSolution
		Debug|Any CPU = Debug|Any CPU
		Release|Any CPU = Release|Any CPU
	EndGlobalSection
	GlobalSection(ProjectConfigurationPlatforms) = postSolution
		{0022E87F-8666-409C-A938-502AD8659DB5}.Debug|Any CPU.ActiveCfg = Debug|Any CPU
		{0022E87F-8666-409C-A938-502AD8659DB5}.Debug|Any CPU.Build.0 = Debug|Any CPU
		{0022E87F-8666-409C-A938-502AD8659DB5}.Release|Any CPU.ActiveCfg = Release|Any CPU
		{0022E87F-8666-409C-A938-502AD8659DB5}.Release|Any CPU.Build.0 = Release|Any CPU
		{B301C7E0-7E9E-4511-BBD6-B66C060255FF}.Debug|Any CPU.ActiveCfg = Debug|Any CPU
		{B301C7E0-7E9E-4511-BBD6-B66C060255FF}.Debug|Any CPU.Build.0 = Debug|Any CPU
		{B301C7E0-7E9E-4511-BBD6-B66C060255FF}.Release|Any CPU.ActiveCfg = Release|Any CPU
		{B301C7E0-7E9E-4511-BBD6-B66C060255FF}.Release|Any CPU.Build.0 = Release|Any CPU
		{E645ADB6-8008-4D68-AA5D-C0789E6B2284}.Debug|Any CPU.ActiveCfg = Debug|Any CPU
		{E645ADB6-8008-4D68-AA5D-C0789E6B2284}.Debug|Any CPU.Build.0 = Debug|Any CPU
		{E645ADB6-8008-4D68-AA5D-C0789E6B2284}.Release|Any CPU.ActiveCfg = Release|Any CPU
		{E645ADB6-8008-4D68-AA5D-C0789E6B2284}.Release|Any CPU.Build.0 = Release|Any CPU
		{8B305FAF-6569-4D75-BE15-59634F73509F}.Debug|Any CPU.ActiveCfg = Debug|Any CPU
		{8B305FAF-6569-4D75-BE15-59634F73509F}.Debug|Any CPU.Build.0 = Debug|Any CPU
		{8B305FAF-6569-4D75-BE15-59634F73509F}.Release|Any CPU.ActiveCfg = Release|Any CPU
		{8B305FAF-6569-4D75-BE15-59634F73509F}.Release|Any CPU.Build.0 = Release|Any CPU
		{223E2675-0431-4FB9-8736-A534CCF7DB75}.Debug|Any CPU.ActiveCfg = Debug|Any CPU
		{223E2675-0431-4FB9-8736-A534CCF7DB75}.Debug|Any CPU.Build.0 = Debug|Any CPU
		{223E2675-0431-4FB9-8736-A534CCF7DB75}.Release|Any CPU.ActiveCfg = Release|Any CPU
		{223E2675-0431-4FB9-8736-A534CCF7DB75}.Release|Any CPU.Build.0 = Release|Any CPU
		{D3CC09BB-8A97-4469-B8A8-C92483371EF0}.Debug|Any CPU.ActiveCfg = Debug|Any CPU
		{D3CC09BB-8A97-4469-B8A8-C92483371EF0}.Debug|Any CPU.Build.0 = Debug|Any CPU
		{D3CC09BB-8A97-4469-B8A8-C92483371EF0}.Release|Any CPU.ActiveCfg = Release|Any CPU
		{D3CC09BB-8A97-4469-B8A8-C92483371EF0}.Release|Any CPU.Build.0 = Release|Any CPU
	EndGlobalSection
	GlobalSection(SolutionProperties) = preSolution
		HideSolutionNode = FALSE
	EndGlobalSection
	GlobalSection(ExtensibilityGlobals) = postSolution
		SolutionGuid = {1FEC09F2-BF7A-4E76-A4D4-9FAE27ABE893}
	EndGlobalSection
EndGlobal
